results/PNG15_h1_1/final_plotting.txt
results/PNG15_h1_1/pushed_metadata.done
results/PNG15_h1_1/coords_with_genes.bed
results/PNG15_h1_1/coords_with_name.bed
sample_coords_file.txt
results/PNG15_h1_1/saffire_fmt
results/PNG15_h1_1/alignment.paf
/projects/standard/hsiehph/shared/hsiehph_shared/assemblies/CHM13/T2T/v1.1/chm13.v1.1.fasta
/projects/standard/hsiehph/gordo893/samples/PNG15b/verkko1.4.1/PNG15_ONT_HIC/assembly.haplotype1.fasta
