results/PNG15_h1_test/final_plotting.txt
results/PNG15_h1_test/pushed_metadata.done
results/PNG15_h1_test/coords_with_genes.bed
results/PNG15_h1_test/coords_with_name.bed
/projects/standard/hsiehph/shared/software/pipelines/AutoSafFire/Auto_plots/sample_coords_file.txt
results/PNG15_h1_test/saffire_fmt
results/PNG15_h1_test/alignment.paf
/projects/standard/hsiehph/shared/hsiehph_shared/assemblies/CHM13/T2T/v1.1/chm13.v1.1.fasta
/projects/standard/hsiehph/gordo893/samples/PNG15b/verkko1.4.1/PNG15_ONT_HIC/assembly.haplotype1.fasta
